// !$*UTF8*$!
{
	archiveVersion = 1;
	classes = {
	};
	objectVersion = 50;
	objects = {

/* Begin PBXBuildFile section */
		0911429725CA6C8000D923FF /* AppDelegate.swift in Sources */ = {isa = PBXBuildFile; fileRef = 0911429625CA6C8000D923FF /* AppDelegate.swift */; };
		0911429925CA6C8000D923FF /* SceneDelegate.swift in Sources */ = {isa = PBXBuildFile; fileRef = 0911429825CA6C8000D923FF /* SceneDelegate.swift */; };
		0911429B25CA6C8000D923FF /* ViewController.swift in Sources */ = {isa = PBXBuildFile; fileRef = 0911429A25CA6C8000D923FF /* ViewController.swift */; };
		0911429E25CA6C8000D923FF /* Main.storyboard in Resources */ = {isa = PBXBuildFile; fileRef = 0911429C25CA6C8000D923FF /* Main.storyboard */; };
		091142A125CA6C8000D923FF /* Core_Data_Learning_Ray_Wenderlich.xcdatamodeld in Sources */ = {isa = PBXBuildFile; fileRef = 0911429F25CA6C8000D923FF /* Core_Data_Learning_Ray_Wenderlich.xcdatamodeld */; };
		091142A325CA6C8700D923FF /* Assets.xcassets in Resources */ = {isa = PBXBuildFile; fileRef = 091142A225CA6C8700D923FF /* Assets.xcassets */; };
		091142A625CA6C8700D923FF /* LaunchScreen.storyboard in Resources */ = {isa = PBXBuildFile; fileRef = 091142A425CA6C8700D923FF /* LaunchScreen.storyboard */; };
/* End PBXBuildFile section */

/* Begin PBXFileReference section */
		0911429325CA6C8000D923FF /* Core Data Learning Ray Wenderlich.app */ = {isa = PBXFileReference; explicitFileType = wrapper.application; includeInIndex = 0; path = "Core Data Learning Ray Wenderlich.app"; sourceTree = BUILT_PRODUCTS_DIR; };
		0911429625CA6C8000D923FF /* AppDelegate.swift */ = {isa = PBXFileReference; lastKnownFileType = sourcecode.swift; path = AppDelegate.swift; sourceTree = "<group>"; };
		0911429825CA6C8000D923FF /* SceneDelegate.swift */ = {isa = PBXFileReference; lastKnownFileType = sourcecode.swift; path = SceneDelegate.swift; sourceTree = "<group>"; };
		0911429A25CA6C8000D923FF /* ViewController.swift */ = {isa = PBXFileReference; lastKnownFileType = sourcecode.swift; path = ViewController.swift; sourceTree = "<group>"; };
		0911429D25CA6C8000D923FF /* Base */ = {isa = PBXFileReference; lastKnownFileType = file.storyboard; name = Base; path = Base.lproj/Main.storyboard; sourceTree = "<group>"; };
		091142A025CA6C8000D923FF /* Core_Data_Learning_Ray_Wenderlich.xcdatamodel */ = {isa = PBXFileReference; lastKnownFileType = wrapper.xcdatamodel; path = Core_Data_Learning_Ray_Wenderlich.xcdatamodel; sourceTree = "<group>"; };
		091142A225CA6C8700D923FF /* Assets.xcassets */ = {isa = PBXFileReference; lastKnownFileType = folder.assetcatalog; path = Assets.xcassets; sourceTree = "<group>"; };
		091142A525CA6C8700D923FF /* Base */ = {isa = PBXFileReference; lastKnownFileType = file.storyboard; name = Base; path = Base.lproj/LaunchScreen.storyboard; sourceTree = "<group>"; };
		091142A725CA6C8700D923FF /* Info.plist */ = {isa = PBXFileReference; lastKnownFileType = text.plist.xml; path = Info.plist; sourceTree = "<group>"; };
/* End PBXFileReference section */

/* Begin PBXFrameworksBuildPhase section */
		0911429025CA6C8000D923FF /* Frameworks */ = {
			isa = PBXFrameworksBuildPhase;
			buildActionMask = 2147483647;
			files = (
			);
			runOnlyForDeploymentPostprocessing = 0;
		};
/* End PBXFrameworksBuildPhase section */

/* Begin PBXGroup section */
		0911428A25CA6C8000D923FF = {
			isa = PBXGroup;
			children = (
				0911429525CA6C8000D923FF /* Core Data Learning Ray Wenderlich */,
				0911429425CA6C8000D923FF /* Products */,
			);
			sourceTree = "<group>";
		};
		0911429425CA6C8000D923FF /* Products */ = {
			isa = PBXGroup;
			children = (
				0911429325CA6C8000D923FF /* Core Data Learning Ray Wenderlich.app */,
			);
			name = Products;
			sourceTree = "<group>";
		};
		0911429525CA6C8000D923FF /* Core Data Learning Ray Wenderlich */ = {
			isa = PBXGroup;
			children = (
				0911429625CA6C8000D923FF /* AppDelegate.swift */,
				0911429825CA6C8000D923FF /* SceneDelegate.swift */,
				0911429A25CA6C8000D923FF /* ViewController.swift */,
				0911429C25CA6C8000D923FF /* Main.storyboard */,
				091142A225CA6C8700D923FF /* Assets.xcassets */,
				091142A425CA6C8700D923FF /* LaunchScreen.storyboard */,
				091142A725CA6C8700D923FF /* Info.plist */,
				0911429F25CA6C8000D923FF /* Core_Data_Learning_Ray_Wenderlich.xcdatamodeld */,
			);
			path = "Core Data Learning Ray Wenderlich";
			sourceTree = "<group>";
		};
/* End PBXGroup section */

/* Begin PBXNativeTarget section */
		0911429225CA6C8000D923FF /* Core Data Learning Ray Wenderlich */ = {
			isa = PBXNativeTarget;
			buildConfigurationList = 091142AA25CA6C8700D923FF /* Build configuration list for PBXNativeTarget "Core Data Learning Ray Wenderlich" */;
			buildPhases = (
				0911428F25CA6C8000D923FF /* Sources */,
				0911429025CA6C8000D923FF /* Frameworks */,
				0911429125CA6C8000D923FF /* Resources */,
			);
			buildRules = (
			);
			dependencies = (
			);
			name = "Core Data Learning Ray Wenderlich";
			productName = "Core Data Learning Ray Wenderlich";
			productReference = 0911429325CA6C8000D923FF /* Core Data Learning Ray Wenderlich.app */;
			productType = "com.apple.product-type.application";
		};
/* End PBXNativeTarget section */

/* Begin PBXProject section */
		0911428B25CA6C8000D923FF /* Project object */ = {
			isa = PBXProject;
			attributes = {
				LastSwiftUpdateCheck = 1240;
				LastUpgradeCheck = 1240;
				TargetAttributes = {
					0911429225CA6C8000D923FF = {
						CreatedOnToolsVersion = 12.4;
					};
				};
			};
			buildConfigurationList = 0911428E25CA6C8000D923FF /* Build configuration list for PBXProject "Core Data Learning Ray Wenderlich" */;
			compatibilityVersion = "Xcode 9.3";
			developmentRegion = en;
			hasScannedForEncodings = 0;
			knownRegions = (
				en,
				Base,
			);
			mainGroup = 0911428A25CA6C8000D923FF;
			productRefGroup = 0911429425CA6C8000D923FF /* Products */;
			projectDirPath = "";
			projectRoot = "";
			targets = (
				0911429225CA6C8000D923FF /* Core Data Learning Ray Wenderlich */,
			);
		};
/* End PBXProject section */

/* Begin PBXResourcesBuildPhase section */
		0911429125CA6C8000D923FF /* Resources */ = {
			isa = PBXResourcesBuildPhase;
			buildActionMask = 2147483647;
			files = (
				091142A625CA6C8700D923FF /* LaunchScreen.storyboard in Resources */,
				091142A325CA6C8700D923FF /* Assets.xcassets in Resources */,
				0911429E25CA6C8000D923FF /* Main.storyboard in Resources */,
			);
			runOnlyForDeploymentPostprocessing = 0;
		};
/* End PBXResourcesBuildPhase section */

/* Begin PBXSourcesBuildPhase section */
		0911428F25CA6C8000D923FF /* Sources */ = {
			isa = PBXSourcesBuildPhase;
			buildActionMask = 2147483647;
			files = (
				0911429B25CA6C8000D923FF /* ViewController.swift in Sources */,
				0911429725CA6C8000D923FF /* AppDelegate.swift in Sources */,
				091142A125CA6C8000D923FF /* Core_Data_Learning_Ray_Wenderlich.xcdatamodeld in Sources */,
				0911429925CA6C8000D923FF /* SceneDelegate.swift in Sources */,
			);
			runOnlyForDeploymentPostprocessing = 0;
		};
/* End PBXSourcesBuildPhase section */

/* Begin PBXVariantGroup section */
		0911429C25CA6C8000D923FF /* Main.storyboard */ = {
			isa = PBXVariantGroup;
			children = (
				0911429D25CA6C8000D923FF /* Base */,
			);
			name = Main.storyboard;
			sourceTree = "<group>";
		};
		091142A425CA6C8700D923FF /* LaunchScreen.storyboard */ = {
			isa = PBXVariantGroup;
			children = (
				091142A525CA6C8700D923FF /* Base */,
			);
			name = LaunchScreen.storyboard;
			sourceTree = "<group>";
		};
/* End PBXVariantGroup section */

/* Begin XCBuildConfiguration section */
		091142A825CA6C8700D923FF /* Debug */ = {
			isa = XCBuildConfiguration;
			buildSettings = {
				ALWAYS_SEARCH_USER_PATHS = NO;
				CLANG_ANALYZER_NONNULL = YES;
				CLANG_ANALYZER_NUMBER_OBJECT_CONVERSION = YES_AGGRESSIVE;
				CLANG_CXX_LANGUAGE_STANDARD = "gnu++14";
				CLANG_CXX_LIBRARY = "libc++";
				CLANG_ENABLE_MODULES = YES;
				CLANG_ENABLE_OBJC_ARC = YES;
				CLANG_ENABLE_OBJC_WEAK = YES;
				CLANG_WARN_BLOCK_CAPTURE_AUTORELEASING = YES;
				CLANG_WARN_BOOL_CONVERSION = YES;
				CLANG_WARN_COMMA = YES;
				CLANG_WARN_CONSTANT_CONVERSION = YES;
				CLANG_WARN_DEPRECATED_OBJC_IMPLEMENTATIONS = YES;
				CLANG_WARN_DIRECT_OBJC_ISA_USAGE = YES_ERROR;
				CLANG_WARN_DOCUMENTATION_COMMENTS = YES;
				CLANG_WARN_EMPTY_BODY = YES;
				CLANG_WARN_ENUM_CONVERSION = YES;
				CLANG_WARN_INFINITE_RECURSION = YES;
				CLANG_WARN_INT_CONVERSION = YES;
				CLANG_WARN_NON_LITERAL_NULL_CONVERSION = YES;
				CLANG_WARN_OBJC_IMPLICIT_RETAIN_SELF = YES;
				CLANG_WARN_OBJC_LITERAL_CONVERSION = YES;
				CLANG_WARN_OBJC_ROOT_CLASS = YES_ERROR;
				CLANG_WARN_QUOTED_INCLUDE_IN_FRAMEWORK_HEADER = YES;
				CLANG_WARN_RANGE_LOOP_ANALYSIS = YES;
				CLANG_WARN_STRICT_PROTOTYPES = YES;
				CLANG_WARN_SUSPICIOUS_MOVE = YES;
				CLANG_WARN_UNGUARDED_AVAILABILITY = YES_AGGRESSIVE;
				CLANG_WARN_UNREACHABLE_CODE = YES;
				CLANG_WARN__DUPLICATE_METHOD_MATCH = YES;
				COPY_PHASE_STRIP = NO;
				DEBUG_INFORMATION_FORMAT = dwarf;
				ENABLE_STRICT_OBJC_MSGSEND = YES;
				ENABLE_TESTABILITY = YES;
				GCC_C_LANGUAGE_STANDARD = gnu11;
				GCC_DYNAMIC_NO_PIC = NO;
				GCC_NO_COMMON_BLOCKS = YES;
				GCC_OPTIMIZATION_LEVEL = 0;
				GCC_PREPROCESSOR_DEFINITIONS = (
					"DEBUG=1",
					"$(inherited)",
				);
				GCC_WARN_64_TO_32_BIT_CONVERSION = YES;
				GCC_WARN_ABOUT_RETURN_TYPE = YES_ERROR;
				GCC_WARN_UNDECLARED_SELECTOR = YES;
				GCC_WARN_UNINITIALIZED_AUTOS = YES_AGGRESSIVE;
				GCC_WARN_UNUSED_FUNCTION = YES;
				GCC_WARN_UNUSED_VARIABLE = YES;
				IPHONEOS_DEPLOYMENT_TARGET = 14.4;
				MTL_ENABLE_DEBUG_INFO = INCLUDE_SOURCE;
				MTL_FAST_MATH = YES;
				ONLY_ACTIVE_ARCH = YES;
				SDKROOT = iphoneos;
				SWIFT_ACTIVE_COMPILATION_CONDITIONS = DEBUG;
				SWIFT_OPTIMIZATION_LEVEL = "-Onone";
			};
			name = Debug;
		};
		091142A925CA6C8700D923FF /* Release */ = {
			isa = XCBuildConfiguration;
			buildSettings = {
				ALWAYS_SEARCH_USER_PATHS = NO;
				CLANG_ANALYZER_NONNULL = YES;
				CLANG_ANALYZER_NUMBER_OBJECT_CONVERSION = YES_AGGRESSIVE;
				CLANG_CXX_LANGUAGE_STANDARD = "gnu++14";
				CLANG_CXX_LIBRARY = "libc++";
				CLANG_ENABLE_MODULES = YES;
				CLANG_ENABLE_OBJC_ARC = YES;
				CLANG_ENABLE_OBJC_WEAK = YES;
				CLANG_WARN_BLOCK_CAPTURE_AUTORELEASING = YES;
				CLANG_WARN_BOOL_CONVERSION = YES;
				CLANG_WARN_COMMA = YES;
				CLANG_WARN_CONSTANT_CONVERSION = YES;
				CLANG_WARN_DEPRECATED_OBJC_IMPLEMENTATIONS = YES;
				CLANG_WARN_DIRECT_OBJC_ISA_USAGE = YES_ERROR;
				CLANG_WARN_DOCUMENTATION_COMMENTS = YES;
				CLANG_WARN_EMPTY_BODY = YES;
				CLANG_WARN_ENUM_CONVERSION = YES;
				CLANG_WARN_INFINITE_RECURSION = YES;
				CLANG_WARN_INT_CONVERSION = YES;
				CLANG_WARN_NON_LITERAL_NULL_CONVERSION = YES;
				CLANG_WARN_OBJC_IMPLICIT_RETAIN_SELF = YES;
				CLANG_WARN_OBJC_LITERAL_CONVERSION = YES;
				CLANG_WARN_OBJC_ROOT_CLASS = YES_ERROR;
				CLANG_WARN_QUOTED_INCLUDE_IN_FRAMEWORK_HEADER = YES;
				CLANG_WARN_RANGE_LOOP_ANALYSIS = YES;
				CLANG_WARN_STRICT_PROTOTYPES = YES;
				CLANG_WARN_SUSPICIOUS_MOVE = YES;
				CLANG_WARN_UNGUARDED_AVAILABILITY = YES_AGGRESSIVE;
				CLANG_WARN_UNREACHABLE_CODE = YES;
				CLANG_WARN__DUPLICATE_METHOD_MATCH = YES;
				COPY_PHASE_STRIP = NO;
				DEBUG_INFORMATION_FORMAT = "dwarf-with-dsym";
				ENABLE_NS_ASSERTIONS = NO;
				ENABLE_STRICT_OBJC_MSGSEND = YES;
				GCC_C_LANGUAGE_STANDARD = gnu11;
				GCC_NO_COMMON_BLOCKS = YES;
				GCC_WARN_64_TO_32_BIT_CONVERSION = YES;
				GCC_WARN_ABOUT_RETURN_TYPE = YES_ERROR;
				GCC_WARN_UNDECLARED_SELECTOR = YES;
				GCC_WARN_UNINITIALIZED_AUTOS = YES_AGGRESSIVE;
				GCC_WARN_UNUSED_FUNCTION = YES;
				GCC_WARN_UNUSED_VARIABLE = YES;
				IPHONEOS_DEPLOYMENT_TARGET = 14.4;
				MTL_ENABLE_DEBUG_INFO = NO;
				MTL_FAST_MATH = YES;
				SDKROOT = iphoneos;
				SWIFT_COMPILATION_MODE = wholemodule;
				SWIFT_OPTIMIZATION_LEVEL = "-O";
				VALIDATE_PRODUCT = YES;
			};
			name = Release;
		};
		091142AB25CA6C8700D923FF /* Debug */ = {
			isa = XCBuildConfiguration;
			buildSettings = {
				ASSETCATALOG_COMPILER_APPICON_NAME = AppIcon;
				ASSETCATALOG_COMPILER_GLOBAL_ACCENT_COLOR_NAME = AccentColor;
				CODE_SIGN_STYLE = Automatic;
				DEVELOPMENT_TEAM = 95ZHG55NFY;
				INFOPLIST_FILE = "Core Data Learning Ray Wenderlich/Info.plist";
				LD_RUNPATH_SEARCH_PATHS = (
					"$(inherited)",
					"@executable_path/Frameworks",
				);
				PRODUCT_BUNDLE_IDENTIFIER = "com.varadzin.fscalender.Core-Data-Learning-Ray-Wenderlich";
				PRODUCT_NAME = "$(TARGET_NAME)";
				SWIFT_VERSION = 5.0;
				TARGETED_DEVICE_FAMILY = "1,2";
			};
			name = Debug;
		};
		091142AC25CA6C8700D923FF /* Release */ = {
			isa = XCBuildConfiguration;
			buildSettings = {
				ASSETCATALOG_COMPILER_APPICON_NAME = AppIcon;
				ASSETCATALOG_COMPILER_GLOBAL_ACCENT_COLOR_NAME = AccentColor;
				CODE_SIGN_STYLE = Automatic;
				DEVELOPMENT_TEAM = 95ZHG55NFY;
				INFOPLIST_FILE = "Core Data Learning Ray Wenderlich/Info.plist";
				LD_RUNPATH_SEARCH_PATHS = (
					"$(inherited)",
					"@executable_path/Frameworks",
				);
				PRODUCT_BUNDLE_IDENTIFIER = "com.varadzin.fscalender.Core-Data-Learning-Ray-Wenderlich";
				PRODUCT_NAME = "$(TARGET_NAME)";
				SWIFT_VERSION = 5.0;
				TARGETED_DEVICE_FAMILY = "1,2";
			};
			name = Release;
		};
/* End XCBuildConfiguration section */

/* Begin XCConfigurationList section */
		0911428E25CA6C8000D923FF /* Build configuration list for PBXProject "Core Data Learning Ray Wenderlich" */ = {
			isa = XCConfigurationList;
			buildConfigurations = (
				091142A825CA6C8700D923FF /* Debug */,
				091142A925CA6C8700D923FF /* Release */,
			);
			defaultConfigurationIsVisible = 0;
			defaultConfigurationName = Release;
		};
		091142AA25CA6C8700D923FF /* Build configuration list for PBXNativeTarget "Core Data Learning Ray Wenderlich" */ = {
			isa = XCConfigurationList;
			buildConfigurations = (
				091142AB25CA6C8700D923FF /* Debug */,
				091142AC25CA6C8700D923FF /* Release */,
			);
			defaultConfigurationIsVisible = 0;
			defaultConfigurationName = Release;
		};
/* End XCConfigurationList section */

/* Begin XCVersionGroup section */
		0911429F25CA6C8000D923FF /* Core_Data_Learning_Ray_Wenderlich.xcdatamodeld */ = {
			isa = XCVersionGroup;
			children = (
				091142A025CA6C8000D923FF /* Core_Data_Learning_Ray_Wenderlich.xcdatamodel */,
			);
			currentVersion = 091142A025CA6C8000D923FF /* Core_Data_Learning_Ray_Wenderlich.xcdatamodel */;
			path = Core_Data_Learning_Ray_Wenderlich.xcdatamodeld;
			sourceTree = "<group>";
			versionGroupType = wrapper.xcdatamodel;
		};
/* End XCVersionGroup section */
	};
	rootObject = 0911428B25CA6C8000D923FF /* Project object */;
}
